
Microsoft Visual Studio Solution File, Format Version 12.00
# Visual Studio Version 17
VisualStudioVersion = 17.8.34525.116
MinimumVisualStudioVersion = 10.0.40219.1
Project("{FAE04EC0-301F-11D3-BF4B-00C04F79EFBC}") = "ConsoleApp1", "ConsoleApp1.csproj", "{39AD059E-E327-4094-B91A-D9FB85AB964A}"
EndProject
Global
	GlobalSection(SolutionConfigurationPlatforms) = preSolution
		Debug|Any CPU = Debug|Any CPU
		Release|Any CPU = Release|Any CPU
	EndGlobalSection
	GlobalSection(ProjectConfigurationPlatforms) = postSolution
		{39AD059E-E327-4094-B91A-D9FB85AB964A}.Debug|Any CPU.ActiveCfg = Debug|Any CPU
		{39AD059E-E327-4094-B91A-D9FB85AB964A}.Debug|Any CPU.Build.0 = Debug|Any CPU
		{39AD059E-E327-4094-B91A-D9FB85AB964A}.Release|Any CPU.ActiveCfg = Release|Any CPU
		{39AD059E-E327-4094-B91A-D9FB85AB964A}.Release|Any CPU.Build.0 = Release|Any CPU
	EndGlobalSection
	GlobalSection(SolutionProperties) = preSolution
		HideSolutionNode = FALSE
	EndGlobalSection
	GlobalSection(ExtensibilityGlobals) = postSolution
		SolutionGuid = {15649F5A-BFA7-438A-9602-5767417F096C}
	EndGlobalSection
EndGlobal
